
Microsoft Visual Studio Solution File, Format Version 12.00
# Visual Studio 15
VisualStudioVersion = 15.0.28307.902
MinimumVisualStudioVersion = 10.0.40219.1
Project("{FAE04EC0-301F-11D3-BF4B-00C04F79EFBC}") = "DAL", "DAL\DAL.csproj", "{C79FACBB-BB6E-4B62-BC17-E51A7B9B7DB5}"
EndProject
Project("{FAE04EC0-301F-11D3-BF4B-00C04F79EFBC}") = "BL", "BL\BL.csproj", "{12F6A0E8-0718-4959-B19D-65ECBB13B194}"
EndProject
Project("{FAE04EC0-301F-11D3-BF4B-00C04F79EFBC}") = "API", "API\API.csproj", "{6AE64433-FF4F-4EAE-BB26-7540338CA4C1}"
EndProject
Project("{FAE04EC0-301F-11D3-BF4B-00C04F79EFBC}") = "trial", "trial\trial.csproj", "{156623FD-8EA7-4E4A-8792-C5420819905B}"
EndProject
Project("{FAE04EC0-301F-11D3-BF4B-00C04F79EFBC}") = "DTO", "DTO\DTO.csproj", "{AC321FA5-EDFF-4D43-8556-7BA5FC8BDB32}"
EndProject
Global
	GlobalSection(SolutionConfigurationPlatforms) = preSolution
		Debug|Any CPU = Debug|Any CPU
		Release|Any CPU = Release|Any CPU
	EndGlobalSection
	GlobalSection(ProjectConfigurationPlatforms) = postSolution
		{C79FACBB-BB6E-4B62-BC17-E51A7B9B7DB5}.Debug|Any CPU.ActiveCfg = Debug|Any CPU
		{C79FACBB-BB6E-4B62-BC17-E51A7B9B7DB5}.Debug|Any CPU.Build.0 = Debug|Any CPU
		{C79FACBB-BB6E-4B62-BC17-E51A7B9B7DB5}.Release|Any CPU.ActiveCfg = Release|Any CPU
		{C79FACBB-BB6E-4B62-BC17-E51A7B9B7DB5}.Release|Any CPU.Build.0 = Release|Any CPU
		{12F6A0E8-0718-4959-B19D-65ECBB13B194}.Debug|Any CPU.ActiveCfg = Debug|Any CPU
		{12F6A0E8-0718-4959-B19D-65ECBB13B194}.Debug|Any CPU.Build.0 = Debug|Any CPU
		{12F6A0E8-0718-4959-B19D-65ECBB13B194}.Release|Any CPU.ActiveCfg = Release|Any CPU
		{12F6A0E8-0718-4959-B19D-65ECBB13B194}.Release|Any CPU.Build.0 = Release|Any CPU
		{6AE64433-FF4F-4EAE-BB26-7540338CA4C1}.Debug|Any CPU.ActiveCfg = Debug|Any CPU
		{6AE64433-FF4F-4EAE-BB26-7540338CA4C1}.Debug|Any CPU.Build.0 = Debug|Any CPU
		{6AE64433-FF4F-4EAE-BB26-7540338CA4C1}.Release|Any CPU.ActiveCfg = Release|Any CPU
		{6AE64433-FF4F-4EAE-BB26-7540338CA4C1}.Release|Any CPU.Build.0 = Release|Any CPU
		{156623FD-8EA7-4E4A-8792-C5420819905B}.Debug|Any CPU.ActiveCfg = Debug|Any CPU
		{156623FD-8EA7-4E4A-8792-C5420819905B}.Debug|Any CPU.Build.0 = Debug|Any CPU
		{156623FD-8EA7-4E4A-8792-C5420819905B}.Release|Any CPU.ActiveCfg = Release|Any CPU
		{156623FD-8EA7-4E4A-8792-C5420819905B}.Release|Any CPU.Build.0 = Release|Any CPU
		{AC321FA5-EDFF-4D43-8556-7BA5FC8BDB32}.Debug|Any CPU.ActiveCfg = Debug|Any CPU
		{AC321FA5-EDFF-4D43-8556-7BA5FC8BDB32}.Debug|Any CPU.Build.0 = Debug|Any CPU
		{AC321FA5-EDFF-4D43-8556-7BA5FC8BDB32}.Release|Any CPU.ActiveCfg = Release|Any CPU
		{AC321FA5-EDFF-4D43-8556-7BA5FC8BDB32}.Release|Any CPU.Build.0 = Release|Any CPU
	EndGlobalSection
	GlobalSection(SolutionProperties) = preSolution
		HideSolutionNode = FALSE
	EndGlobalSection
	GlobalSection(ExtensibilityGlobals) = postSolution
		SolutionGuid = {B8847C4B-F1BA-432C-9EB0-D07E54F35480}
	EndGlobalSection
EndGlobal
